// !$*UTF8*$!
{
	archiveVersion = 1;
	classes = {
	};
	objectVersion = 46;
	objects = {

/* Begin PBXBuildFile section */
		7188FCF91EEAEDF800EDEDA3 /* AppDelegate.swift in Sources */ = {isa = PBXBuildFile; fileRef = 7188FCF81EEAEDF800EDEDA3 /* AppDelegate.swift */; };
		7188FCFB1EEAEDF800EDEDA3 /* ViewController.swift in Sources */ = {isa = PBXBuildFile; fileRef = 7188FCFA1EEAEDF800EDEDA3 /* ViewController.swift */; };
		7188FCFE1EEAEDF800EDEDA3 /* Main.storyboard in Resources */ = {isa = PBXBuildFile; fileRef = 7188FCFC1EEAEDF800EDEDA3 /* Main.storyboard */; };
		7188FD011EEAEDF800EDEDA3 /* PeerLabEvents.xcdatamodeld in Sources */ = {isa = PBXBuildFile; fileRef = 7188FCFF1EEAEDF800EDEDA3 /* PeerLabEvents.xcdatamodeld */; };
		7188FD031EEAEDF800EDEDA3 /* Assets.xcassets in Resources */ = {isa = PBXBuildFile; fileRef = 7188FD021EEAEDF800EDEDA3 /* Assets.xcassets */; };
		7188FD061EEAEDF800EDEDA3 /* LaunchScreen.storyboard in Resources */ = {isa = PBXBuildFile; fileRef = 7188FD041EEAEDF800EDEDA3 /* LaunchScreen.storyboard */; };
		7188FD111EEAEDF800EDEDA3 /* PeerLabEventsUITests.swift in Sources */ = {isa = PBXBuildFile; fileRef = 7188FD101EEAEDF800EDEDA3 /* PeerLabEventsUITests.swift */; };
		7188FD241EEAF69B00EDEDA3 /* Context.swift in Sources */ = {isa = PBXBuildFile; fileRef = 7188FD201EEAF69B00EDEDA3 /* Context.swift */; };
		7188FD251EEAF69B00EDEDA3 /* CoreDataManager.swift in Sources */ = {isa = PBXBuildFile; fileRef = 7188FD211EEAF69B00EDEDA3 /* CoreDataManager.swift */; };
		7188FD261EEAF69B00EDEDA3 /* MemberModel.swift in Sources */ = {isa = PBXBuildFile; fileRef = 7188FD231EEAF69B00EDEDA3 /* MemberModel.swift */; };
		7188FD281EEAF7CA00EDEDA3 /* Managed.swift in Sources */ = {isa = PBXBuildFile; fileRef = 7188FD271EEAF7CA00EDEDA3 /* Managed.swift */; };
		7188FD2D1EEAF8DF00EDEDA3 /* Member+CoreDataClass.swift in Sources */ = {isa = PBXBuildFile; fileRef = 7188FD291EEAF8DF00EDEDA3 /* Member+CoreDataClass.swift */; };
		7188FD2E1EEAF8DF00EDEDA3 /* Member+CoreDataProperties.swift in Sources */ = {isa = PBXBuildFile; fileRef = 7188FD2A1EEAF8DF00EDEDA3 /* Member+CoreDataProperties.swift */; };
		7188FD2F1EEAF8DF00EDEDA3 /* Event+CoreDataClass.swift in Sources */ = {isa = PBXBuildFile; fileRef = 7188FD2B1EEAF8DF00EDEDA3 /* Event+CoreDataClass.swift */; };
		7188FD301EEAF8DF00EDEDA3 /* Event+CoreDataProperties.swift in Sources */ = {isa = PBXBuildFile; fileRef = 7188FD2C1EEAF8DF00EDEDA3 /* Event+CoreDataProperties.swift */; };
		7188FD331EEAFB6600EDEDA3 /* Event+Managed.swift in Sources */ = {isa = PBXBuildFile; fileRef = 7188FD321EEAFB6600EDEDA3 /* Event+Managed.swift */; };
		7188FD351EEAFC1B00EDEDA3 /* Member+Managed.swift in Sources */ = {isa = PBXBuildFile; fileRef = 7188FD341EEAFC1B00EDEDA3 /* Member+Managed.swift */; };
		7188FD381EEB146200EDEDA3 /* AppSettings.swift in Sources */ = {isa = PBXBuildFile; fileRef = 7188FD371EEB146200EDEDA3 /* AppSettings.swift */; };
/* End PBXBuildFile section */

/* Begin PBXContainerItemProxy section */
		7188FD0D1EEAEDF800EDEDA3 /* PBXContainerItemProxy */ = {
			isa = PBXContainerItemProxy;
			containerPortal = 7188FCED1EEAEDF700EDEDA3 /* Project object */;
			proxyType = 1;
			remoteGlobalIDString = 7188FCF41EEAEDF800EDEDA3;
			remoteInfo = PeerLabEvents;
		};
/* End PBXContainerItemProxy section */

/* Begin PBXFileReference section */
		7188FCF51EEAEDF800EDEDA3 /* PeerLabEvents.app */ = {isa = PBXFileReference; explicitFileType = wrapper.application; includeInIndex = 0; path = PeerLabEvents.app; sourceTree = BUILT_PRODUCTS_DIR; };
		7188FCF81EEAEDF800EDEDA3 /* AppDelegate.swift */ = {isa = PBXFileReference; lastKnownFileType = sourcecode.swift; path = AppDelegate.swift; sourceTree = "<group>"; };
		7188FCFA1EEAEDF800EDEDA3 /* ViewController.swift */ = {isa = PBXFileReference; lastKnownFileType = sourcecode.swift; path = ViewController.swift; sourceTree = "<group>"; };
		7188FCFD1EEAEDF800EDEDA3 /* Base */ = {isa = PBXFileReference; lastKnownFileType = file.storyboard; name = Base; path = Base.lproj/Main.storyboard; sourceTree = "<group>"; };
		7188FD001EEAEDF800EDEDA3 /* PeerLabEvents.xcdatamodel */ = {isa = PBXFileReference; lastKnownFileType = wrapper.xcdatamodel; path = PeerLabEvents.xcdatamodel; sourceTree = "<group>"; };
		7188FD021EEAEDF800EDEDA3 /* Assets.xcassets */ = {isa = PBXFileReference; lastKnownFileType = folder.assetcatalog; path = Assets.xcassets; sourceTree = "<group>"; };
		7188FD051EEAEDF800EDEDA3 /* Base */ = {isa = PBXFileReference; lastKnownFileType = file.storyboard; name = Base; path = Base.lproj/LaunchScreen.storyboard; sourceTree = "<group>"; };
		7188FD071EEAEDF800EDEDA3 /* Info.plist */ = {isa = PBXFileReference; lastKnownFileType = text.plist.xml; path = Info.plist; sourceTree = "<group>"; };
		7188FD0C1EEAEDF800EDEDA3 /* PeerLabEventsUITests.xctest */ = {isa = PBXFileReference; explicitFileType = wrapper.cfbundle; includeInIndex = 0; path = PeerLabEventsUITests.xctest; sourceTree = BUILT_PRODUCTS_DIR; };
		7188FD101EEAEDF800EDEDA3 /* PeerLabEventsUITests.swift */ = {isa = PBXFileReference; lastKnownFileType = sourcecode.swift; path = PeerLabEventsUITests.swift; sourceTree = "<group>"; };
		7188FD121EEAEDF800EDEDA3 /* Info.plist */ = {isa = PBXFileReference; lastKnownFileType = text.plist.xml; path = Info.plist; sourceTree = "<group>"; };
		7188FD201EEAF69B00EDEDA3 /* Context.swift */ = {isa = PBXFileReference; fileEncoding = 4; lastKnownFileType = sourcecode.swift; path = Context.swift; sourceTree = "<group>"; };
		7188FD211EEAF69B00EDEDA3 /* CoreDataManager.swift */ = {isa = PBXFileReference; fileEncoding = 4; lastKnownFileType = sourcecode.swift; path = CoreDataManager.swift; sourceTree = "<group>"; };
		7188FD231EEAF69B00EDEDA3 /* MemberModel.swift */ = {isa = PBXFileReference; fileEncoding = 4; lastKnownFileType = sourcecode.swift; path = MemberModel.swift; sourceTree = "<group>"; };
		7188FD271EEAF7CA00EDEDA3 /* Managed.swift */ = {isa = PBXFileReference; fileEncoding = 4; lastKnownFileType = sourcecode.swift; path = Managed.swift; sourceTree = "<group>"; };
		7188FD291EEAF8DF00EDEDA3 /* Member+CoreDataClass.swift */ = {isa = PBXFileReference; fileEncoding = 4; lastKnownFileType = sourcecode.swift; name = "Member+CoreDataClass.swift"; path = "Models/Member+CoreDataClass.swift"; sourceTree = "<group>"; };
		7188FD2A1EEAF8DF00EDEDA3 /* Member+CoreDataProperties.swift */ = {isa = PBXFileReference; fileEncoding = 4; lastKnownFileType = sourcecode.swift; name = "Member+CoreDataProperties.swift"; path = "Models/Member+CoreDataProperties.swift"; sourceTree = "<group>"; };
		7188FD2B1EEAF8DF00EDEDA3 /* Event+CoreDataClass.swift */ = {isa = PBXFileReference; fileEncoding = 4; lastKnownFileType = sourcecode.swift; name = "Event+CoreDataClass.swift"; path = "Models/Event+CoreDataClass.swift"; sourceTree = "<group>"; };
		7188FD2C1EEAF8DF00EDEDA3 /* Event+CoreDataProperties.swift */ = {isa = PBXFileReference; fileEncoding = 4; lastKnownFileType = sourcecode.swift; name = "Event+CoreDataProperties.swift"; path = "Models/Event+CoreDataProperties.swift"; sourceTree = "<group>"; };
		7188FD321EEAFB6600EDEDA3 /* Event+Managed.swift */ = {isa = PBXFileReference; fileEncoding = 4; lastKnownFileType = sourcecode.swift; path = "Event+Managed.swift"; sourceTree = "<group>"; };
		7188FD341EEAFC1B00EDEDA3 /* Member+Managed.swift */ = {isa = PBXFileReference; fileEncoding = 4; lastKnownFileType = sourcecode.swift; path = "Member+Managed.swift"; sourceTree = "<group>"; };
		7188FD371EEB146200EDEDA3 /* AppSettings.swift */ = {isa = PBXFileReference; fileEncoding = 4; lastKnownFileType = sourcecode.swift; path = AppSettings.swift; sourceTree = "<group>"; };
/* End PBXFileReference section */

/* Begin PBXFrameworksBuildPhase section */
		7188FCF21EEAEDF800EDEDA3 /* Frameworks */ = {
			isa = PBXFrameworksBuildPhase;
			buildActionMask = 2147483647;
			files = (
			);
			runOnlyForDeploymentPostprocessing = 0;
		};
		7188FD091EEAEDF800EDEDA3 /* Frameworks */ = {
			isa = PBXFrameworksBuildPhase;
			buildActionMask = 2147483647;
			files = (
			);
			runOnlyForDeploymentPostprocessing = 0;
		};
/* End PBXFrameworksBuildPhase section */

/* Begin PBXGroup section */
		7188FCEC1EEAEDF700EDEDA3 = {
			isa = PBXGroup;
			children = (
				7188FCF71EEAEDF800EDEDA3 /* PeerLabEvents */,
				7188FD0F1EEAEDF800EDEDA3 /* PeerLabEventsUITests */,
				7188FCF61EEAEDF800EDEDA3 /* Products */,
			);
			sourceTree = "<group>";
		};
		7188FCF61EEAEDF800EDEDA3 /* Products */ = {
			isa = PBXGroup;
			children = (
				7188FCF51EEAEDF800EDEDA3 /* PeerLabEvents.app */,
				7188FD0C1EEAEDF800EDEDA3 /* PeerLabEventsUITests.xctest */,
			);
			name = Products;
			sourceTree = "<group>";
		};
		7188FCF71EEAEDF800EDEDA3 /* PeerLabEvents */ = {
			isa = PBXGroup;
			children = (
				7188FD1B1EEAF02400EDEDA3 /* Common */,
				7188FD1C1EEAF03D00EDEDA3 /* Modules */,
				7188FCF81EEAEDF800EDEDA3 /* AppDelegate.swift */,
				7188FCFA1EEAEDF800EDEDA3 /* ViewController.swift */,
				7188FCFC1EEAEDF800EDEDA3 /* Main.storyboard */,
				7188FD021EEAEDF800EDEDA3 /* Assets.xcassets */,
				7188FD041EEAEDF800EDEDA3 /* LaunchScreen.storyboard */,
				7188FD071EEAEDF800EDEDA3 /* Info.plist */,
				7188FCFF1EEAEDF800EDEDA3 /* PeerLabEvents.xcdatamodeld */,
			);
			path = PeerLabEvents;
			sourceTree = "<group>";
		};
		7188FD0F1EEAEDF800EDEDA3 /* PeerLabEventsUITests */ = {
			isa = PBXGroup;
			children = (
				7188FD101EEAEDF800EDEDA3 /* PeerLabEventsUITests.swift */,
				7188FD121EEAEDF800EDEDA3 /* Info.plist */,
			);
			path = PeerLabEventsUITests;
			sourceTree = "<group>";
		};
		7188FD1B1EEAF02400EDEDA3 /* Common */ = {
			isa = PBXGroup;
			children = (
				7188FD361EEB144200EDEDA3 /* AppUserDefaults */,
				7188FD311EEAFA2600EDEDA3 /* Models */,
				7188FD1F1EEAF69B00EDEDA3 /* CoreData */,
			);
			name = Common;
			sourceTree = "<group>";
		};
		7188FD1C1EEAF03D00EDEDA3 /* Modules */ = {
			isa = PBXGroup;
			children = (
				7188FD1E1EEAF06000EDEDA3 /* Members */,
				7188FD1D1EEAF04F00EDEDA3 /* Events */,
			);
			name = Modules;
			sourceTree = "<group>";
		};
		7188FD1D1EEAF04F00EDEDA3 /* Events */ = {
			isa = PBXGroup;
			children = (
			);
			name = Events;
			sourceTree = "<group>";
		};
		7188FD1E1EEAF06000EDEDA3 /* Members */ = {
			isa = PBXGroup;
			children = (
			);
			name = Members;
			sourceTree = "<group>";
		};
		7188FD1F1EEAF69B00EDEDA3 /* CoreData */ = {
			isa = PBXGroup;
			children = (
				7188FD271EEAF7CA00EDEDA3 /* Managed.swift */,
				7188FD201EEAF69B00EDEDA3 /* Context.swift */,
				7188FD211EEAF69B00EDEDA3 /* CoreDataManager.swift */,
				7188FD221EEAF69B00EDEDA3 /* Models */,
			);
			path = CoreData;
			sourceTree = "<group>";
		};
		7188FD221EEAF69B00EDEDA3 /* Models */ = {
			isa = PBXGroup;
			children = (
				7188FD231EEAF69B00EDEDA3 /* MemberModel.swift */,
			);
			path = Models;
			sourceTree = "<group>";
		};
		7188FD311EEAFA2600EDEDA3 /* Models */ = {
			isa = PBXGroup;
			children = (
				7188FD291EEAF8DF00EDEDA3 /* Member+CoreDataClass.swift */,
				7188FD2A1EEAF8DF00EDEDA3 /* Member+CoreDataProperties.swift */,
				7188FD2B1EEAF8DF00EDEDA3 /* Event+CoreDataClass.swift */,
				7188FD2C1EEAF8DF00EDEDA3 /* Event+CoreDataProperties.swift */,
				7188FD321EEAFB6600EDEDA3 /* Event+Managed.swift */,
				7188FD341EEAFC1B00EDEDA3 /* Member+Managed.swift */,
			);
			name = Models;
			sourceTree = "<group>";
		};
		7188FD361EEB144200EDEDA3 /* AppUserDefaults */ = {
			isa = PBXGroup;
			children = (
				7188FD371EEB146200EDEDA3 /* AppSettings.swift */,
			);
			name = AppUserDefaults;
			sourceTree = "<group>";
		};
/* End PBXGroup section */

/* Begin PBXNativeTarget section */
		7188FCF41EEAEDF800EDEDA3 /* PeerLabEvents */ = {
			isa = PBXNativeTarget;
			buildConfigurationList = 7188FD151EEAEDF800EDEDA3 /* Build configuration list for PBXNativeTarget "PeerLabEvents" */;
			buildPhases = (
				7188FCF11EEAEDF800EDEDA3 /* Sources */,
				7188FCF21EEAEDF800EDEDA3 /* Frameworks */,
				7188FCF31EEAEDF800EDEDA3 /* Resources */,
			);
			buildRules = (
			);
			dependencies = (
			);
			name = PeerLabEvents;
			productName = PeerLabEvents;
			productReference = 7188FCF51EEAEDF800EDEDA3 /* PeerLabEvents.app */;
			productType = "com.apple.product-type.application";
		};
		7188FD0B1EEAEDF800EDEDA3 /* PeerLabEventsUITests */ = {
			isa = PBXNativeTarget;
			buildConfigurationList = 7188FD181EEAEDF800EDEDA3 /* Build configuration list for PBXNativeTarget "PeerLabEventsUITests" */;
			buildPhases = (
				7188FD081EEAEDF800EDEDA3 /* Sources */,
				7188FD091EEAEDF800EDEDA3 /* Frameworks */,
				7188FD0A1EEAEDF800EDEDA3 /* Resources */,
			);
			buildRules = (
			);
			dependencies = (
				7188FD0E1EEAEDF800EDEDA3 /* PBXTargetDependency */,
			);
			name = PeerLabEventsUITests;
			productName = PeerLabEventsUITests;
			productReference = 7188FD0C1EEAEDF800EDEDA3 /* PeerLabEventsUITests.xctest */;
			productType = "com.apple.product-type.bundle.ui-testing";
		};
/* End PBXNativeTarget section */

/* Begin PBXProject section */
		7188FCED1EEAEDF700EDEDA3 /* Project object */ = {
			isa = PBXProject;
			attributes = {
				LastSwiftUpdateCheck = 0830;
				LastUpgradeCheck = 0830;
				ORGANIZATIONNAME = adeveloper;
				TargetAttributes = {
					7188FCF41EEAEDF800EDEDA3 = {
						CreatedOnToolsVersion = 8.3.2;
						DevelopmentTeam = RF42FG352F;
						ProvisioningStyle = Automatic;
					};
					7188FD0B1EEAEDF800EDEDA3 = {
						CreatedOnToolsVersion = 8.3.2;
						DevelopmentTeam = RF42FG352F;
						ProvisioningStyle = Automatic;
						TestTargetID = 7188FCF41EEAEDF800EDEDA3;
					};
				};
			};
			buildConfigurationList = 7188FCF01EEAEDF700EDEDA3 /* Build configuration list for PBXProject "PeerLabEvents" */;
			compatibilityVersion = "Xcode 3.2";
			developmentRegion = English;
			hasScannedForEncodings = 0;
			knownRegions = (
				en,
				Base,
			);
			mainGroup = 7188FCEC1EEAEDF700EDEDA3;
			productRefGroup = 7188FCF61EEAEDF800EDEDA3 /* Products */;
			projectDirPath = "";
			projectRoot = "";
			targets = (
				7188FCF41EEAEDF800EDEDA3 /* PeerLabEvents */,
				7188FD0B1EEAEDF800EDEDA3 /* PeerLabEventsUITests */,
			);
		};
/* End PBXProject section */

/* Begin PBXResourcesBuildPhase section */
		7188FCF31EEAEDF800EDEDA3 /* Resources */ = {
			isa = PBXResourcesBuildPhase;
			buildActionMask = 2147483647;
			files = (
				7188FD061EEAEDF800EDEDA3 /* LaunchScreen.storyboard in Resources */,
				7188FD031EEAEDF800EDEDA3 /* Assets.xcassets in Resources */,
				7188FCFE1EEAEDF800EDEDA3 /* Main.storyboard in Resources */,
			);
			runOnlyForDeploymentPostprocessing = 0;
		};
		7188FD0A1EEAEDF800EDEDA3 /* Resources */ = {
			isa = PBXResourcesBuildPhase;
			buildActionMask = 2147483647;
			files = (
			);
			runOnlyForDeploymentPostprocessing = 0;
		};
/* End PBXResourcesBuildPhase section */

/* Begin PBXSourcesBuildPhase section */
		7188FCF11EEAEDF800EDEDA3 /* Sources */ = {
			isa = PBXSourcesBuildPhase;
			buildActionMask = 2147483647;
			files = (
				7188FD331EEAFB6600EDEDA3 /* Event+Managed.swift in Sources */,
				7188FD301EEAF8DF00EDEDA3 /* Event+CoreDataProperties.swift in Sources */,
				7188FD381EEB146200EDEDA3 /* AppSettings.swift in Sources */,
				7188FCFB1EEAEDF800EDEDA3 /* ViewController.swift in Sources */,
				7188FD2D1EEAF8DF00EDEDA3 /* Member+CoreDataClass.swift in Sources */,
				7188FD2F1EEAF8DF00EDEDA3 /* Event+CoreDataClass.swift in Sources */,
				7188FD351EEAFC1B00EDEDA3 /* Member+Managed.swift in Sources */,
				7188FD261EEAF69B00EDEDA3 /* MemberModel.swift in Sources */,
				7188FD241EEAF69B00EDEDA3 /* Context.swift in Sources */,
				7188FCF91EEAEDF800EDEDA3 /* AppDelegate.swift in Sources */,
				7188FD281EEAF7CA00EDEDA3 /* Managed.swift in Sources */,
				7188FD2E1EEAF8DF00EDEDA3 /* Member+CoreDataProperties.swift in Sources */,
				7188FD251EEAF69B00EDEDA3 /* CoreDataManager.swift in Sources */,
				7188FD011EEAEDF800EDEDA3 /* PeerLabEvents.xcdatamodeld in Sources */,
			);
			runOnlyForDeploymentPostprocessing = 0;
		};
		7188FD081EEAEDF800EDEDA3 /* Sources */ = {
			isa = PBXSourcesBuildPhase;
			buildActionMask = 2147483647;
			files = (
				7188FD111EEAEDF800EDEDA3 /* PeerLabEventsUITests.swift in Sources */,
			);
			runOnlyForDeploymentPostprocessing = 0;
		};
/* End PBXSourcesBuildPhase section */

/* Begin PBXTargetDependency section */
		7188FD0E1EEAEDF800EDEDA3 /* PBXTargetDependency */ = {
			isa = PBXTargetDependency;
			target = 7188FCF41EEAEDF800EDEDA3 /* PeerLabEvents */;
			targetProxy = 7188FD0D1EEAEDF800EDEDA3 /* PBXContainerItemProxy */;
		};
/* End PBXTargetDependency section */

/* Begin PBXVariantGroup section */
		7188FCFC1EEAEDF800EDEDA3 /* Main.storyboard */ = {
			isa = PBXVariantGroup;
			children = (
				7188FCFD1EEAEDF800EDEDA3 /* Base */,
			);
			name = Main.storyboard;
			sourceTree = "<group>";
		};
		7188FD041EEAEDF800EDEDA3 /* LaunchScreen.storyboard */ = {
			isa = PBXVariantGroup;
			children = (
				7188FD051EEAEDF800EDEDA3 /* Base */,
			);
			name = LaunchScreen.storyboard;
			sourceTree = "<group>";
		};
/* End PBXVariantGroup section */

/* Begin XCBuildConfiguration section */
		7188FD131EEAEDF800EDEDA3 /* Debug */ = {
			isa = XCBuildConfiguration;
			buildSettings = {
				ALWAYS_SEARCH_USER_PATHS = NO;
				CLANG_ANALYZER_NONNULL = YES;
				CLANG_ANALYZER_NUMBER_OBJECT_CONVERSION = YES_AGGRESSIVE;
				CLANG_CXX_LANGUAGE_STANDARD = "gnu++0x";
				CLANG_CXX_LIBRARY = "libc++";
				CLANG_ENABLE_MODULES = YES;
				CLANG_ENABLE_OBJC_ARC = YES;
				CLANG_WARN_BOOL_CONVERSION = YES;
				CLANG_WARN_CONSTANT_CONVERSION = YES;
				CLANG_WARN_DIRECT_OBJC_ISA_USAGE = YES_ERROR;
				CLANG_WARN_DOCUMENTATION_COMMENTS = YES;
				CLANG_WARN_EMPTY_BODY = YES;
				CLANG_WARN_ENUM_CONVERSION = YES;
				CLANG_WARN_INFINITE_RECURSION = YES;
				CLANG_WARN_INT_CONVERSION = YES;
				CLANG_WARN_OBJC_ROOT_CLASS = YES_ERROR;
				CLANG_WARN_SUSPICIOUS_MOVE = YES;
				CLANG_WARN_UNREACHABLE_CODE = YES;
				CLANG_WARN__DUPLICATE_METHOD_MATCH = YES;
				"CODE_SIGN_IDENTITY[sdk=iphoneos*]" = "iPhone Developer";
				COPY_PHASE_STRIP = NO;
				DEBUG_INFORMATION_FORMAT = dwarf;
				ENABLE_STRICT_OBJC_MSGSEND = YES;
				ENABLE_TESTABILITY = YES;
				GCC_C_LANGUAGE_STANDARD = gnu99;
				GCC_DYNAMIC_NO_PIC = NO;
				GCC_NO_COMMON_BLOCKS = YES;
				GCC_OPTIMIZATION_LEVEL = 0;
				GCC_PREPROCESSOR_DEFINITIONS = (
					"DEBUG=1",
					"$(inherited)",
				);
				GCC_WARN_64_TO_32_BIT_CONVERSION = YES;
				GCC_WARN_ABOUT_RETURN_TYPE = YES_ERROR;
				GCC_WARN_UNDECLARED_SELECTOR = YES;
				GCC_WARN_UNINITIALIZED_AUTOS = YES_AGGRESSIVE;
				GCC_WARN_UNUSED_FUNCTION = YES;
				GCC_WARN_UNUSED_VARIABLE = YES;
				IPHONEOS_DEPLOYMENT_TARGET = 10.3;
				MTL_ENABLE_DEBUG_INFO = YES;
				ONLY_ACTIVE_ARCH = YES;
				SDKROOT = iphoneos;
				SWIFT_ACTIVE_COMPILATION_CONDITIONS = DEBUG;
				SWIFT_OPTIMIZATION_LEVEL = "-Onone";
				TARGETED_DEVICE_FAMILY = "1,2";
			};
			name = Debug;
		};
		7188FD141EEAEDF800EDEDA3 /* Release */ = {
			isa = XCBuildConfiguration;
			buildSettings = {
				ALWAYS_SEARCH_USER_PATHS = NO;
				CLANG_ANALYZER_NONNULL = YES;
				CLANG_ANALYZER_NUMBER_OBJECT_CONVERSION = YES_AGGRESSIVE;
				CLANG_CXX_LANGUAGE_STANDARD = "gnu++0x";
				CLANG_CXX_LIBRARY = "libc++";
				CLANG_ENABLE_MODULES = YES;
				CLANG_ENABLE_OBJC_ARC = YES;
				CLANG_WARN_BOOL_CONVERSION = YES;
				CLANG_WARN_CONSTANT_CONVERSION = YES;
				CLANG_WARN_DIRECT_OBJC_ISA_USAGE = YES_ERROR;
				CLANG_WARN_DOCUMENTATION_COMMENTS = YES;
				CLANG_WARN_EMPTY_BODY = YES;
				CLANG_WARN_ENUM_CONVERSION = YES;
				CLANG_WARN_INFINITE_RECURSION = YES;
				CLANG_WARN_INT_CONVERSION = YES;
				CLANG_WARN_OBJC_ROOT_CLASS = YES_ERROR;
				CLANG_WARN_SUSPICIOUS_MOVE = YES;
				CLANG_WARN_UNREACHABLE_CODE = YES;
				CLANG_WARN__DUPLICATE_METHOD_MATCH = YES;
				"CODE_SIGN_IDENTITY[sdk=iphoneos*]" = "iPhone Developer";
				COPY_PHASE_STRIP = NO;
				DEBUG_INFORMATION_FORMAT = "dwarf-with-dsym";
				ENABLE_NS_ASSERTIONS = NO;
				ENABLE_STRICT_OBJC_MSGSEND = YES;
				GCC_C_LANGUAGE_STANDARD = gnu99;
				GCC_NO_COMMON_BLOCKS = YES;
				GCC_WARN_64_TO_32_BIT_CONVERSION = YES;
				GCC_WARN_ABOUT_RETURN_TYPE = YES_ERROR;
				GCC_WARN_UNDECLARED_SELECTOR = YES;
				GCC_WARN_UNINITIALIZED_AUTOS = YES_AGGRESSIVE;
				GCC_WARN_UNUSED_FUNCTION = YES;
				GCC_WARN_UNUSED_VARIABLE = YES;
				IPHONEOS_DEPLOYMENT_TARGET = 10.3;
				MTL_ENABLE_DEBUG_INFO = NO;
				SDKROOT = iphoneos;
				SWIFT_OPTIMIZATION_LEVEL = "-Owholemodule";
				TARGETED_DEVICE_FAMILY = "1,2";
				VALIDATE_PRODUCT = YES;
			};
			name = Release;
		};
		7188FD161EEAEDF800EDEDA3 /* Debug */ = {
			isa = XCBuildConfiguration;
			buildSettings = {
				ASSETCATALOG_COMPILER_APPICON_NAME = AppIcon;
				DEVELOPMENT_TEAM = RF42FG352F;
				INFOPLIST_FILE = PeerLabEvents/Info.plist;
				LD_RUNPATH_SEARCH_PATHS = "$(inherited) @executable_path/Frameworks";
				PRODUCT_BUNDLE_IDENTIFIER = adeveloper.PeerLabEvents;
				PRODUCT_NAME = "$(TARGET_NAME)";
				SWIFT_VERSION = 3.0;
			};
			name = Debug;
		};
		7188FD171EEAEDF800EDEDA3 /* Release */ = {
			isa = XCBuildConfiguration;
			buildSettings = {
				ASSETCATALOG_COMPILER_APPICON_NAME = AppIcon;
				DEVELOPMENT_TEAM = RF42FG352F;
				INFOPLIST_FILE = PeerLabEvents/Info.plist;
				LD_RUNPATH_SEARCH_PATHS = "$(inherited) @executable_path/Frameworks";
				PRODUCT_BUNDLE_IDENTIFIER = adeveloper.PeerLabEvents;
				PRODUCT_NAME = "$(TARGET_NAME)";
				SWIFT_VERSION = 3.0;
			};
			name = Release;
		};
		7188FD191EEAEDF800EDEDA3 /* Debug */ = {
			isa = XCBuildConfiguration;
			buildSettings = {
				ALWAYS_EMBED_SWIFT_STANDARD_LIBRARIES = YES;
				DEVELOPMENT_TEAM = RF42FG352F;
				INFOPLIST_FILE = PeerLabEventsUITests/Info.plist;
				LD_RUNPATH_SEARCH_PATHS = "$(inherited) @executable_path/Frameworks @loader_path/Frameworks";
				PRODUCT_BUNDLE_IDENTIFIER = adeveloper.PeerLabEventsUITests;
				PRODUCT_NAME = "$(TARGET_NAME)";
				SWIFT_VERSION = 3.0;
				TEST_TARGET_NAME = PeerLabEvents;
			};
			name = Debug;
		};
		7188FD1A1EEAEDF800EDEDA3 /* Release */ = {
			isa = XCBuildConfiguration;
			buildSettings = {
				ALWAYS_EMBED_SWIFT_STANDARD_LIBRARIES = YES;
				DEVELOPMENT_TEAM = RF42FG352F;
				INFOPLIST_FILE = PeerLabEventsUITests/Info.plist;
				LD_RUNPATH_SEARCH_PATHS = "$(inherited) @executable_path/Frameworks @loader_path/Frameworks";
				PRODUCT_BUNDLE_IDENTIFIER = adeveloper.PeerLabEventsUITests;
				PRODUCT_NAME = "$(TARGET_NAME)";
				SWIFT_VERSION = 3.0;
				TEST_TARGET_NAME = PeerLabEvents;
			};
			name = Release;
		};
/* End XCBuildConfiguration section */

/* Begin XCConfigurationList section */
		7188FCF01EEAEDF700EDEDA3 /* Build configuration list for PBXProject "PeerLabEvents" */ = {
			isa = XCConfigurationList;
			buildConfigurations = (
				7188FD131EEAEDF800EDEDA3 /* Debug */,
				7188FD141EEAEDF800EDEDA3 /* Release */,
			);
			defaultConfigurationIsVisible = 0;
			defaultConfigurationName = Release;
		};
		7188FD151EEAEDF800EDEDA3 /* Build configuration list for PBXNativeTarget "PeerLabEvents" */ = {
			isa = XCConfigurationList;
			buildConfigurations = (
				7188FD161EEAEDF800EDEDA3 /* Debug */,
				7188FD171EEAEDF800EDEDA3 /* Release */,
			);
			defaultConfigurationIsVisible = 0;
		};
		7188FD181EEAEDF800EDEDA3 /* Build configuration list for PBXNativeTarget "PeerLabEventsUITests" */ = {
			isa = XCConfigurationList;
			buildConfigurations = (
				7188FD191EEAEDF800EDEDA3 /* Debug */,
				7188FD1A1EEAEDF800EDEDA3 /* Release */,
			);
			defaultConfigurationIsVisible = 0;
		};
/* End XCConfigurationList section */

/* Begin XCVersionGroup section */
		7188FCFF1EEAEDF800EDEDA3 /* PeerLabEvents.xcdatamodeld */ = {
			isa = XCVersionGroup;
			children = (
				7188FD001EEAEDF800EDEDA3 /* PeerLabEvents.xcdatamodel */,
			);
			currentVersion = 7188FD001EEAEDF800EDEDA3 /* PeerLabEvents.xcdatamodel */;
			path = PeerLabEvents.xcdatamodeld;
			sourceTree = "<group>";
			versionGroupType = wrapper.xcdatamodel;
		};
/* End XCVersionGroup section */
	};
	rootObject = 7188FCED1EEAEDF700EDEDA3 /* Project object */;
}
